<?xml version="1.0" encoding="utf-8"?>
<Project ToolsVersion="4.0" xmlns="http://schemas.microsoft.com/developer/msbuild/2003">
  <ItemGroup>
    <ClCompile Include="code\android\ClientAndroid.cpp" />
    <ClCompile Include="code\android\device.cpp" />
    <ClCompile Include="code\android\InputAndroid.cpp" />
    <ClCompile Include="code\android\jniMain.cpp" />
    <ClCompile Include="code\android\MessageQueue.cpp" />
    <ClCompile Include="code\android\Sensor.cpp" />
    <ClCompile Include="code\android\Thread.cpp" />
    <ClCompile Include="code\android\TrackDropping.cpp" />
    <ClCompile Include="code\android\MyLog.cpp" />
    <ClCompile Include="code\android\PlatfromAndroid.cpp" />
    <ClCompile Include="code\android\UsbDevice.cpp" />
    <ClCompile Include="code\audio\audio.cpp" />
    <ClCompile Include="code\audio\WavFile.cpp" />
    <ClCompile Include="code\AurMath.cpp" />
    <ClCompile Include="code\BitmapFont.cpp" />
    <ClCompile Include="code\Calibration.cpp" />
    <ClCompile Include="code\CommandSystem.cpp" />
    <ClCompile Include="code\FileSystem.cpp" />
    <ClCompile Include="code\GlobalVar.cpp" />
    <ClCompile Include="code\glUtil.cpp" />
    <ClCompile Include="code\Input.cpp" />
    <ClCompile Include="code\Model.cpp" />
    <ClCompile Include="code\Rendering.cpp" />
    <ClCompile Include="code\ShaderManager.cpp" />
    <ClCompile Include="code\SpriteBatch.cpp" />
    <ClCompile Include="code\Texture.cpp" />
    <ClCompile Include="code\thirdParty\etc1\etc1.cpp" />
    <ClCompile Include="code\thirdParty\stb\stb_image.c" />
    <ClCompile Include="code\thirdParty\zip\ioapi.c" />
    <ClCompile Include="code\thirdParty\zip\unzip.c" />
    <ClCompile Include="code\Timer.cpp" />
    <ClCompile Include="code\android\TextureFormat.cpp" />
  </ItemGroup>
  <ItemGroup>
    <ClInclude Include="code\android\AuroraGL.h" />
    <ClInclude Include="code\android\MessageQueue.h" />
    <ClInclude Include="code\audio\audio.h" />
    <ClInclude Include="code\audio\WavFile.h" />
    <ClInclude Include="code\AurMath.h" />
    <ClInclude Include="code\BitmapFont.h" />
    <ClInclude Include="code\Calibration.h" />
    <ClInclude Include="code\CommandSystem.h" />
    <ClInclude Include="code\FileSystem.h" />
    <ClInclude Include="code\GlobalVar.h" />
    <ClInclude Include="code\glUtil.h" />
    <ClInclude Include="code\Input.h" />
    <ClInclude Include="code\MathFunction.h" />
    <ClInclude Include="code\Model.h" />
    <ClInclude Include="code\MyLog.h" />
    <ClInclude Include="code\Platfrom.h" />
    <ClInclude Include="code\Rendering.h" />
    <ClInclude Include="code\RingBuffer.h" />
    <ClInclude Include="code\SensorDevice.h" />
    <ClInclude Include="code\ShaderManager.h" />
    <ClInclude Include="code\SpriteBatch.h" />
    <ClInclude Include="code\Texture.h" />
    <ClInclude Include="code\TextureFormat.h" />
    <ClInclude Include="code\thirdParty\etc1\etc1.h" />
    <ClInclude Include="code\thirdParty\stb\stb_image.h" />
    <ClInclude Include="code\thirdParty\zip\ioapi.h" />
    <ClInclude Include="code\thirdParty\zip\unzip.h" />
    <ClInclude Include="code\Thread.h" />
    <ClInclude Include="code\Timer.h" />
  </ItemGroup>
  <ItemGroup>
    <Xml Include="AndroidManifest.xml" />
    <Xml Include="build.xml" />
  </ItemGroup>
  <ItemGroup>
    <None Include="jni\Android.mk" />
    <None Include="jni\Application.mk" />
    <None Include="src\com\xvr\aurora\GL2JNILib.java" />
    <None Include="src\com\xvr\aurora\GL2JNIView.java" />
    <None Include="src\com\xvr\aurora\XVRActivity.java" />
  </ItemGroup>
</Project>