<?xml version="1.0" encoding="utf-8"?>
<Project ToolsVersion="4.0" xmlns="http://schemas.microsoft.com/developer/msbuild/2003">
  <ItemGroup>
    <Filter Include="源文件">
      <UniqueIdentifier>{4FC737F1-C7A5-4376-A066-2A32D752A2FF}</UniqueIdentifier>
      <Extensions>cpp;c;cc;cxx;def;odl;idl;hpj;bat;asm;asmx</Extensions>
    </Filter>
    <Filter Include="资源文件">
      <UniqueIdentifier>{67DA6AB6-F800-4c08-8B7A-83BB121AAD01}</UniqueIdentifier>
      <Extensions>rc;ico;cur;bmp;dlg;rc2;rct;bin;rgs;gif;jpg;jpeg;jpe;resx;tiff;tif;png;wav;mfcribbon-ms</Extensions>
    </Filter>
    <Filter Include="源文件\shader">
      <UniqueIdentifier>{ac9c66d2-df69-4a9d-b1d7-3ec7e5b1bc28}</UniqueIdentifier>
    </Filter>
    <Filter Include="源文件\win">
      <UniqueIdentifier>{c74d9064-eccb-4608-aa50-93b9302d0bbd}</UniqueIdentifier>
    </Filter>
    <Filter Include="源文件\thirdParty">
      <UniqueIdentifier>{060b1128-630c-4ae8-8bc7-a6ccb0746ec4}</UniqueIdentifier>
    </Filter>
  </ItemGroup>
  <ItemGroup>
    <ClInclude Include="code\win\AuroraGL.h">
      <Filter>源文件</Filter>
    </ClInclude>
    <ClInclude Include="code\win\Resource.h">
      <Filter>源文件</Filter>
    </ClInclude>
    <ClInclude Include="code\win\stdafx.h">
      <Filter>源文件</Filter>
    </ClInclude>
    <ClInclude Include="code\MyLog.h">
      <Filter>源文件</Filter>
    </ClInclude>
    <ClInclude Include="code\Model.h">
      <Filter>源文件</Filter>
    </ClInclude>
    <ClInclude Include="code\glUtil.h">
      <Filter>源文件</Filter>
    </ClInclude>
    <ClInclude Include="code\AurMath.h">
      <Filter>源文件</Filter>
    </ClInclude>
    <ClInclude Include="code\Color.h">
      <Filter>源文件</Filter>
    </ClInclude>
    <ClInclude Include="code\MathFunction.h">
      <Filter>源文件</Filter>
    </ClInclude>
    <ClInclude Include="code\Matrix.h">
      <Filter>源文件</Filter>
    </ClInclude>
    <ClInclude Include="code\Quaternion.h">
      <Filter>源文件</Filter>
    </ClInclude>
    <ClInclude Include="code\Vector.h">
      <Filter>源文件</Filter>
    </ClInclude>
    <ClInclude Include="code\ShaderManager.h">
      <Filter>源文件</Filter>
    </ClInclude>
    <ClInclude Include="code\win\glew.h">
      <Filter>源文件\win</Filter>
    </ClInclude>
    <ClInclude Include="code\win\glxew.h">
      <Filter>源文件\win</Filter>
    </ClInclude>
    <ClInclude Include="code\win\wglew.h">
      <Filter>源文件\win</Filter>
    </ClInclude>
    <ClInclude Include="code\FileSystem.h">
      <Filter>源文件</Filter>
    </ClInclude>
    <ClInclude Include="code\thirdParty\stb\stb_image.h">
      <Filter>源文件\thirdParty</Filter>
    </ClInclude>
    <ClInclude Include="code\Texture.h">
      <Filter>源文件</Filter>
    </ClInclude>
  </ItemGroup>
  <ItemGroup>
    <ClCompile Include="code\win\MyLog.cpp">
      <Filter>源文件</Filter>
    </ClCompile>
    <ClCompile Include="code\Model.cpp">
      <Filter>源文件</Filter>
    </ClCompile>
    <ClCompile Include="code\glUtil.cpp">
      <Filter>源文件</Filter>
    </ClCompile>
    <ClCompile Include="code\MathObject.cpp">
      <Filter>源文件</Filter>
    </ClCompile>
    <ClCompile Include="code\ShaderManager.cpp">
      <Filter>源文件</Filter>
    </ClCompile>
    <ClCompile Include="code\win\draw.cpp">
      <Filter>源文件\win</Filter>
    </ClCompile>
    <ClCompile Include="code\win\GLInit.cpp">
      <Filter>源文件\win</Filter>
    </ClCompile>
    <ClCompile Include="code\win\main.cpp">
      <Filter>源文件\win</Filter>
    </ClCompile>
    <ClCompile Include="code\win\PlatformWin.cpp">
      <Filter>源文件\win</Filter>
    </ClCompile>
    <ClCompile Include="code\FileSystem.cpp">
      <Filter>源文件</Filter>
    </ClCompile>
    <ClCompile Include="code\thirdParty\stb\stb_image.c">
      <Filter>源文件\thirdParty</Filter>
    </ClCompile>
    <ClCompile Include="code\Texture.cpp">
      <Filter>源文件</Filter>
    </ClCompile>
  </ItemGroup>
  <ItemGroup>
    <Image Include="code\win\small.ico">
      <Filter>资源文件</Filter>
    </Image>
    <Image Include="code\win\OGLProject.ico">
      <Filter>资源文件</Filter>
    </Image>
  </ItemGroup>
  <ItemGroup>
    <ResourceCompile Include="code\win\OGLProject.rc">
      <Filter>资源文件</Filter>
    </ResourceCompile>
  </ItemGroup>
  <ItemGroup>
    <None Include="assets\shader330.glsl">
      <Filter>源文件\shader</Filter>
    </None>
  </ItemGroup>
</Project>