<?xml version="1.0" encoding="utf-8"?>
<Project ToolsVersion="4.0" xmlns="http://schemas.microsoft.com/developer/msbuild/2003">
  <ItemGroup>
    <Filter Include="资源文件">
      <UniqueIdentifier>{67DA6AB6-F800-4c08-8B7A-83BB121AAD01}</UniqueIdentifier>
      <Extensions>rc;ico;cur;bmp;dlg;rc2;rct;bin;rgs;gif;jpg;jpeg;jpe;resx;tiff;tif;png;wav;mfcribbon-ms</Extensions>
    </Filter>
    <Filter Include="source">
      <UniqueIdentifier>{4FC737F1-C7A5-4376-A066-2A32D752A2FF}</UniqueIdentifier>
      <Extensions>cpp;c;cc;cxx;def;odl;idl;hpj;bat;asm;asmx</Extensions>
    </Filter>
    <Filter Include="DirectXMesh">
      <UniqueIdentifier>{1dad98c9-41b8-4336-a3d6-4e40214ea1b9}</UniqueIdentifier>
    </Filter>
  </ItemGroup>
  <ItemGroup>
    <ClCompile Include="FbxConverter.cpp">
      <Filter>source</Filter>
    </ClCompile>
    <ClCompile Include="ConvertMesh.cpp">
      <Filter>source</Filter>
    </ClCompile>
    <ClCompile Include="Util.cpp">
      <Filter>source</Filter>
    </ClCompile>
    <ClCompile Include="DirectXMesh\DirectXMeshAdjacency.cpp">
      <Filter>DirectXMesh</Filter>
    </ClCompile>
    <ClCompile Include="DirectXMesh\DirectXMeshClean.cpp">
      <Filter>DirectXMesh</Filter>
    </ClCompile>
    <ClCompile Include="DirectXMesh\DirectXMeshGSAdjacency.cpp">
      <Filter>DirectXMesh</Filter>
    </ClCompile>
    <ClCompile Include="DirectXMesh\DirectXMeshNormals.cpp">
      <Filter>DirectXMesh</Filter>
    </ClCompile>
    <ClCompile Include="DirectXMesh\DirectXMeshOptimize.cpp">
      <Filter>DirectXMesh</Filter>
    </ClCompile>
    <ClCompile Include="DirectXMesh\DirectXMeshRemap.cpp">
      <Filter>DirectXMesh</Filter>
    </ClCompile>
    <ClCompile Include="DirectXMesh\DirectXMeshTangentFrame.cpp">
      <Filter>DirectXMesh</Filter>
    </ClCompile>
    <ClCompile Include="DirectXMesh\DirectXMeshUtil.cpp">
      <Filter>DirectXMesh</Filter>
    </ClCompile>
    <ClCompile Include="DirectXMesh\DirectXMeshValidate.cpp">
      <Filter>DirectXMesh</Filter>
    </ClCompile>
  </ItemGroup>
  <ItemGroup>
    <ClInclude Include="FbxConverter.h">
      <Filter>source</Filter>
    </ClInclude>
    <ClInclude Include="DirectXMesh\DirectXMesh.h">
      <Filter>DirectXMesh</Filter>
    </ClInclude>
    <ClInclude Include="DirectXMesh\DirectXMeshP.h">
      <Filter>DirectXMesh</Filter>
    </ClInclude>
    <ClInclude Include="DirectXMesh\scoped.h">
      <Filter>DirectXMesh</Filter>
    </ClInclude>
  </ItemGroup>
  <ItemGroup>
    <None Include="DirectXMesh\DirectXMesh.inl">
      <Filter>DirectXMesh</Filter>
    </None>
  </ItemGroup>
</Project>